
Microsoft Visual Studio Solution File, Format Version 11.00
# Visual Studio 2010
Project("{FAE04EC0-301F-11D3-BF4B-00C04F79EFBC}") = "ARCompa", "Assembly-CSharp.csproj", "{EEBDB7FC-3639-8C3B-E4DD-1C81B5FE2D30}"
EndProject
Project("{FAE04EC0-301F-11D3-BF4B-00C04F79EFBC}") = "ARCompa", "Assembly-CSharp-Editor.csproj", "{0DA4C532-B4A7-4D73-AFC0-C549EF2E234D}"
EndProject
Global
	GlobalSection(SolutionConfigurationPlatforms) = preSolution
		Debug|Any CPU = Debug|Any CPU
		Release|Any CPU = Release|Any CPU
	EndGlobalSection
	GlobalSection(ProjectConfigurationPlatforms) = postSolution
		{EEBDB7FC-3639-8C3B-E4DD-1C81B5FE2D30}.Debug|Any CPU.ActiveCfg = Debug|Any CPU
		{EEBDB7FC-3639-8C3B-E4DD-1C81B5FE2D30}.Debug|Any CPU.Build.0 = Debug|Any CPU
		{EEBDB7FC-3639-8C3B-E4DD-1C81B5FE2D30}.Release|Any CPU.ActiveCfg = Release|Any CPU
		{EEBDB7FC-3639-8C3B-E4DD-1C81B5FE2D30}.Release|Any CPU.Build.0 = Release|Any CPU
		{0DA4C532-B4A7-4D73-AFC0-C549EF2E234D}.Debug|Any CPU.ActiveCfg = Debug|Any CPU
		{0DA4C532-B4A7-4D73-AFC0-C549EF2E234D}.Debug|Any CPU.Build.0 = Debug|Any CPU
		{0DA4C532-B4A7-4D73-AFC0-C549EF2E234D}.Release|Any CPU.ActiveCfg = Release|Any CPU
		{0DA4C532-B4A7-4D73-AFC0-C549EF2E234D}.Release|Any CPU.Build.0 = Release|Any CPU
	EndGlobalSection
	GlobalSection(SolutionProperties) = preSolution
		HideSolutionNode = FALSE
	EndGlobalSection
	GlobalSection(MonoDevelopProperties) = preSolution
		StartupItem = Assembly-CSharp.csproj
	EndGlobalSection
EndGlobal
